
Microsoft Visual Studio Solution File, Format Version 12.00
# Visual Studio Version 17
VisualStudioVersion = 17.6.33815.320
MinimumVisualStudioVersion = 10.0.40219.1
Project("{9A19103F-16F7-4668-BE54-9A1E7A4F7556}") = "SaferynetProject", "Saferynet Project\SaferynetProject.csproj", "{23F4175A-4D1C-4EAA-9063-2057C921CAFF}"
EndProject
Project("{9A19103F-16F7-4668-BE54-9A1E7A4F7556}") = "SafetynetApplication", "SafetynetApplication\SafetynetApplication.csproj", "{7A0A4EDB-CB47-4921-A6FC-1009C6B505A6}"
EndProject
Project("{2150E333-8FDC-42A3-9474-1A3956D46DE8}") = "Solution Items", "Solution Items", "{2812DF55-D592-4DDA-BC7E-91544C575DE9}"
	ProjectSection(SolutionItems) = preProject
		.editorconfig = .editorconfig
	EndProjectSection
EndProject
Global
	GlobalSection(SolutionConfigurationPlatforms) = preSolution
		Debug|Any CPU = Debug|Any CPU
		Release|Any CPU = Release|Any CPU
	EndGlobalSection
	GlobalSection(ProjectConfigurationPlatforms) = postSolution
		{23F4175A-4D1C-4EAA-9063-2057C921CAFF}.Debug|Any CPU.ActiveCfg = Debug|Any CPU
		{23F4175A-4D1C-4EAA-9063-2057C921CAFF}.Debug|Any CPU.Build.0 = Debug|Any CPU
		{23F4175A-4D1C-4EAA-9063-2057C921CAFF}.Release|Any CPU.ActiveCfg = Release|Any CPU
		{23F4175A-4D1C-4EAA-9063-2057C921CAFF}.Release|Any CPU.Build.0 = Release|Any CPU
		{7A0A4EDB-CB47-4921-A6FC-1009C6B505A6}.Debug|Any CPU.ActiveCfg = Debug|Any CPU
		{7A0A4EDB-CB47-4921-A6FC-1009C6B505A6}.Debug|Any CPU.Build.0 = Debug|Any CPU
		{7A0A4EDB-CB47-4921-A6FC-1009C6B505A6}.Release|Any CPU.ActiveCfg = Release|Any CPU
		{7A0A4EDB-CB47-4921-A6FC-1009C6B505A6}.Release|Any CPU.Build.0 = Release|Any CPU
	EndGlobalSection
	GlobalSection(SolutionProperties) = preSolution
		HideSolutionNode = FALSE
	EndGlobalSection
	GlobalSection(ExtensibilityGlobals) = postSolution
		SolutionGuid = {D6C5A72E-2557-4A5B-A102-8BFF205DE186}
	EndGlobalSection
EndGlobal
